
Microsoft Visual Studio Solution File, Format Version 12.00
# Visual Studio Version 17
VisualStudioVersion = 17.1.31911.260
MinimumVisualStudioVersion = 10.0.40219.1
Project("{8BC9CEB8-8B4A-11D0-8D11-00A0C91BC942}") = "LargeInt", "LargeInt\LargeInt.vcxproj", "{32A300ED-70C2-4C07-A2D6-F0B252C477D2}"
EndProject
Global
	GlobalSection(SolutionConfigurationPlatforms) = preSolution
		Debug|x64 = Debug|x64
		Debug|x86 = Debug|x86
		Release|x64 = Release|x64
		Release|x86 = Release|x86
	EndGlobalSection
	GlobalSection(ProjectConfigurationPlatforms) = postSolution
		{32A300ED-70C2-4C07-A2D6-F0B252C477D2}.Debug|x64.ActiveCfg = Debug|x64
		{32A300ED-70C2-4C07-A2D6-F0B252C477D2}.Debug|x64.Build.0 = Debug|x64
		{32A300ED-70C2-4C07-A2D6-F0B252C477D2}.Debug|x86.ActiveCfg = Debug|Win32
		{32A300ED-70C2-4C07-A2D6-F0B252C477D2}.Debug|x86.Build.0 = Debug|Win32
		{32A300ED-70C2-4C07-A2D6-F0B252C477D2}.Release|x64.ActiveCfg = Release|x64
		{32A300ED-70C2-4C07-A2D6-F0B252C477D2}.Release|x64.Build.0 = Release|x64
		{32A300ED-70C2-4C07-A2D6-F0B252C477D2}.Release|x86.ActiveCfg = Release|Win32
		{32A300ED-70C2-4C07-A2D6-F0B252C477D2}.Release|x86.Build.0 = Release|Win32
	EndGlobalSection
	GlobalSection(SolutionProperties) = preSolution
		HideSolutionNode = FALSE
	EndGlobalSection
	GlobalSection(ExtensibilityGlobals) = postSolution
		SolutionGuid = {E519EEA4-D232-4B3E-B06D-C1A954A96C56}
	EndGlobalSection
EndGlobal
